// !$*UTF8*$!
{
	archiveVersion = 1;
	classes = {
	};
	objectVersion = 56;
	objects = {

/* Begin PBXBuildFile section */
		FA3042FB2A84F80F00646F9F /* TestMySparApp.swift in Sources */ = {isa = PBXBuildFile; fileRef = FA3042FA2A84F80F00646F9F /* TestMySparApp.swift */; };
		FA3042FD2A84F80F00646F9F /* SparContentView.swift in Sources */ = {isa = PBXBuildFile; fileRef = FA3042FC2A84F80F00646F9F /* SparContentView.swift */; };
		FA3042FF2A84F81000646F9F /* Assets.xcassets in Resources */ = {isa = PBXBuildFile; fileRef = FA3042FE2A84F81000646F9F /* Assets.xcassets */; };
		FA3043022A84F81000646F9F /* Preview Assets.xcassets in Resources */ = {isa = PBXBuildFile; fileRef = FA3043012A84F81000646F9F /* Preview Assets.xcassets */; };
		FA3043092A84FBF400646F9F /* SearchBar.swift in Sources */ = {isa = PBXBuildFile; fileRef = FA3043082A84FBF400646F9F /* SearchBar.swift */; };
		FA3043132A85054000646F9F /* CategoryOfferItem.swift in Sources */ = {isa = PBXBuildFile; fileRef = FA3043122A85054000646F9F /* CategoryOfferItem.swift */; };
		FA3043152A85063700646F9F /* CategoryOfferRow.swift in Sources */ = {isa = PBXBuildFile; fileRef = FA3043142A85063600646F9F /* CategoryOfferRow.swift */; };
		FA3043192A85159600646F9F /* OfferModel.swift in Sources */ = {isa = PBXBuildFile; fileRef = FA3043182A85159600646F9F /* OfferModel.swift */; };
		FA30431C2A8520F700646F9F /* AdvertisingRow.swift in Sources */ = {isa = PBXBuildFile; fileRef = FA30431B2A8520F700646F9F /* AdvertisingRow.swift */; };
		FA30431E2A85217700646F9F /* AdvertisingItem.swift in Sources */ = {isa = PBXBuildFile; fileRef = FA30431D2A85217700646F9F /* AdvertisingItem.swift */; };
		FA3043212A8521B400646F9F /* AdverstisingModel.swift in Sources */ = {isa = PBXBuildFile; fileRef = FA3043202A8521B400646F9F /* AdverstisingModel.swift */; };
		FA3043252A85287A00646F9F /* DiscountCardModel.swift in Sources */ = {isa = PBXBuildFile; fileRef = FA3043242A85287A00646F9F /* DiscountCardModel.swift */; };
		FA3043272A85289500646F9F /* DiscountCardRow.swift in Sources */ = {isa = PBXBuildFile; fileRef = FA3043262A85289500646F9F /* DiscountCardRow.swift */; };
		FA3043292A8528B300646F9F /* DiscountCardItems.swift in Sources */ = {isa = PBXBuildFile; fileRef = FA3043282A8528B300646F9F /* DiscountCardItems.swift */; };
		FA30432C2A85330900646F9F /* AnnouncementView.swift in Sources */ = {isa = PBXBuildFile; fileRef = FA30432B2A85330900646F9F /* AnnouncementView.swift */; };
		FA3043302A8536F400646F9F /* ProductModel.swift in Sources */ = {isa = PBXBuildFile; fileRef = FA30432F2A8536F400646F9F /* ProductModel.swift */; };
		FA3043322A85601800646F9F /* ProductItem.swift in Sources */ = {isa = PBXBuildFile; fileRef = FA3043312A85601800646F9F /* ProductItem.swift */; };
		FAF089FD2A86098400EF78B4 /* ProducRow.swift in Sources */ = {isa = PBXBuildFile; fileRef = FAF089FC2A86098400EF78B4 /* ProducRow.swift */; };
/* End PBXBuildFile section */

/* Begin PBXFileReference section */
		FA3042F72A84F80F00646F9F /* TestMySpar.app */ = {isa = PBXFileReference; explicitFileType = wrapper.application; includeInIndex = 0; path = TestMySpar.app; sourceTree = BUILT_PRODUCTS_DIR; };
		FA3042FA2A84F80F00646F9F /* TestMySparApp.swift */ = {isa = PBXFileReference; lastKnownFileType = sourcecode.swift; path = TestMySparApp.swift; sourceTree = "<group>"; };
		FA3042FC2A84F80F00646F9F /* SparContentView.swift */ = {isa = PBXFileReference; lastKnownFileType = sourcecode.swift; path = SparContentView.swift; sourceTree = "<group>"; };
		FA3042FE2A84F81000646F9F /* Assets.xcassets */ = {isa = PBXFileReference; lastKnownFileType = folder.assetcatalog; path = Assets.xcassets; sourceTree = "<group>"; };
		FA3043012A84F81000646F9F /* Preview Assets.xcassets */ = {isa = PBXFileReference; lastKnownFileType = folder.assetcatalog; path = "Preview Assets.xcassets"; sourceTree = "<group>"; };
		FA3043082A84FBF400646F9F /* SearchBar.swift */ = {isa = PBXFileReference; lastKnownFileType = sourcecode.swift; path = SearchBar.swift; sourceTree = "<group>"; };
		FA3043122A85054000646F9F /* CategoryOfferItem.swift */ = {isa = PBXFileReference; fileEncoding = 4; lastKnownFileType = sourcecode.swift; path = CategoryOfferItem.swift; sourceTree = "<group>"; };
		FA3043142A85063600646F9F /* CategoryOfferRow.swift */ = {isa = PBXFileReference; fileEncoding = 4; lastKnownFileType = sourcecode.swift; path = CategoryOfferRow.swift; sourceTree = "<group>"; };
		FA3043182A85159600646F9F /* OfferModel.swift */ = {isa = PBXFileReference; lastKnownFileType = sourcecode.swift; path = OfferModel.swift; sourceTree = "<group>"; };
		FA30431B2A8520F700646F9F /* AdvertisingRow.swift */ = {isa = PBXFileReference; lastKnownFileType = sourcecode.swift; path = AdvertisingRow.swift; sourceTree = "<group>"; };
		FA30431D2A85217700646F9F /* AdvertisingItem.swift */ = {isa = PBXFileReference; lastKnownFileType = sourcecode.swift; path = AdvertisingItem.swift; sourceTree = "<group>"; };
		FA3043202A8521B400646F9F /* AdverstisingModel.swift */ = {isa = PBXFileReference; lastKnownFileType = sourcecode.swift; path = AdverstisingModel.swift; sourceTree = "<group>"; };
		FA3043242A85287A00646F9F /* DiscountCardModel.swift */ = {isa = PBXFileReference; lastKnownFileType = sourcecode.swift; path = DiscountCardModel.swift; sourceTree = "<group>"; };
		FA3043262A85289500646F9F /* DiscountCardRow.swift */ = {isa = PBXFileReference; lastKnownFileType = sourcecode.swift; path = DiscountCardRow.swift; sourceTree = "<group>"; };
		FA3043282A8528B300646F9F /* DiscountCardItems.swift */ = {isa = PBXFileReference; lastKnownFileType = sourcecode.swift; path = DiscountCardItems.swift; sourceTree = "<group>"; };
		FA30432B2A85330900646F9F /* AnnouncementView.swift */ = {isa = PBXFileReference; lastKnownFileType = sourcecode.swift; path = AnnouncementView.swift; sourceTree = "<group>"; };
		FA30432F2A8536F400646F9F /* ProductModel.swift */ = {isa = PBXFileReference; lastKnownFileType = sourcecode.swift; path = ProductModel.swift; sourceTree = "<group>"; };
		FA3043312A85601800646F9F /* ProductItem.swift */ = {isa = PBXFileReference; lastKnownFileType = sourcecode.swift; path = ProductItem.swift; sourceTree = "<group>"; };
		FAF089FC2A86098400EF78B4 /* ProducRow.swift */ = {isa = PBXFileReference; lastKnownFileType = sourcecode.swift; path = ProducRow.swift; sourceTree = "<group>"; };
/* End PBXFileReference section */

/* Begin PBXFrameworksBuildPhase section */
		FA3042F42A84F80F00646F9F /* Frameworks */ = {
			isa = PBXFrameworksBuildPhase;
			buildActionMask = 2147483647;
			files = (
			);
			runOnlyForDeploymentPostprocessing = 0;
		};
/* End PBXFrameworksBuildPhase section */

/* Begin PBXGroup section */
		FA3042EE2A84F80F00646F9F = {
			isa = PBXGroup;
			children = (
				FA3042F92A84F80F00646F9F /* TestMySpar */,
				FA3042F82A84F80F00646F9F /* Products */,
			);
			sourceTree = "<group>";
		};
		FA3042F82A84F80F00646F9F /* Products */ = {
			isa = PBXGroup;
			children = (
				FA3042F72A84F80F00646F9F /* TestMySpar.app */,
			);
			name = Products;
			sourceTree = "<group>";
		};
		FA3042F92A84F80F00646F9F /* TestMySpar */ = {
			isa = PBXGroup;
			children = (
				FA3042FA2A84F80F00646F9F /* TestMySparApp.swift */,
				FA3042FC2A84F80F00646F9F /* SparContentView.swift */,
				FA3043082A84FBF400646F9F /* SearchBar.swift */,
				FA30432D2A8536D400646F9F /* Product */,
				FA3043222A85282600646F9F /* DiscountСard */,
				FA30431A2A8520C300646F9F /* Advertising */,
				FA3043162A85155600646F9F /* Offer */,
				FA3042FE2A84F81000646F9F /* Assets.xcassets */,
				FA30432A2A8532D500646F9F /* Announcement */,
				FA3043002A84F81000646F9F /* Preview Content */,
			);
			path = TestMySpar;
			sourceTree = "<group>";
		};
		FA3043002A84F81000646F9F /* Preview Content */ = {
			isa = PBXGroup;
			children = (
				FA3043012A84F81000646F9F /* Preview Assets.xcassets */,
			);
			path = "Preview Content";
			sourceTree = "<group>";
		};
		FA3043162A85155600646F9F /* Offer */ = {
			isa = PBXGroup;
			children = (
				FA3043142A85063600646F9F /* CategoryOfferRow.swift */,
				FA3043122A85054000646F9F /* CategoryOfferItem.swift */,
				FA3043172A85158400646F9F /* Model */,
			);
			path = Offer;
			sourceTree = "<group>";
		};
		FA3043172A85158400646F9F /* Model */ = {
			isa = PBXGroup;
			children = (
				FA3043182A85159600646F9F /* OfferModel.swift */,
			);
			path = Model;
			sourceTree = "<group>";
		};
		FA30431A2A8520C300646F9F /* Advertising */ = {
			isa = PBXGroup;
			children = (
				FA30431B2A8520F700646F9F /* AdvertisingRow.swift */,
				FA30431D2A85217700646F9F /* AdvertisingItem.swift */,
				FA30431F2A85218600646F9F /* Model */,
			);
			path = Advertising;
			sourceTree = "<group>";
		};
		FA30431F2A85218600646F9F /* Model */ = {
			isa = PBXGroup;
			children = (
				FA3043202A8521B400646F9F /* AdverstisingModel.swift */,
			);
			path = Model;
			sourceTree = "<group>";
		};
		FA3043222A85282600646F9F /* DiscountСard */ = {
			isa = PBXGroup;
			children = (
				FA3043262A85289500646F9F /* DiscountCardRow.swift */,
				FA3043282A8528B300646F9F /* DiscountCardItems.swift */,
				FA3043232A85285B00646F9F /* Model */,
			);
			path = "DiscountСard";
			sourceTree = "<group>";
		};
		FA3043232A85285B00646F9F /* Model */ = {
			isa = PBXGroup;
			children = (
				FA3043242A85287A00646F9F /* DiscountCardModel.swift */,
			);
			path = Model;
			sourceTree = "<group>";
		};
		FA30432A2A8532D500646F9F /* Announcement */ = {
			isa = PBXGroup;
			children = (
				FA30432B2A85330900646F9F /* AnnouncementView.swift */,
			);
			path = Announcement;
			sourceTree = "<group>";
		};
		FA30432D2A8536D400646F9F /* Product */ = {
			isa = PBXGroup;
			children = (
				FAF089FC2A86098400EF78B4 /* ProducRow.swift */,
				FA3043312A85601800646F9F /* ProductItem.swift */,
				FA30432E2A8536E300646F9F /* Model */,
			);
			path = Product;
			sourceTree = "<group>";
		};
		FA30432E2A8536E300646F9F /* Model */ = {
			isa = PBXGroup;
			children = (
				FA30432F2A8536F400646F9F /* ProductModel.swift */,
			);
			path = Model;
			sourceTree = "<group>";
		};
/* End PBXGroup section */

/* Begin PBXNativeTarget section */
		FA3042F62A84F80F00646F9F /* TestMySpar */ = {
			isa = PBXNativeTarget;
			buildConfigurationList = FA3043052A84F81000646F9F /* Build configuration list for PBXNativeTarget "TestMySpar" */;
			buildPhases = (
				FA3042F32A84F80F00646F9F /* Sources */,
				FA3042F42A84F80F00646F9F /* Frameworks */,
				FA3042F52A84F80F00646F9F /* Resources */,
			);
			buildRules = (
			);
			dependencies = (
			);
			name = TestMySpar;
			productName = TestMySpar;
			productReference = FA3042F72A84F80F00646F9F /* TestMySpar.app */;
			productType = "com.apple.product-type.application";
		};
/* End PBXNativeTarget section */

/* Begin PBXProject section */
		FA3042EF2A84F80F00646F9F /* Project object */ = {
			isa = PBXProject;
			attributes = {
				BuildIndependentTargetsInParallel = 1;
				LastSwiftUpdateCheck = 1420;
				LastUpgradeCheck = 1420;
				TargetAttributes = {
					FA3042F62A84F80F00646F9F = {
						CreatedOnToolsVersion = 14.2;
					};
				};
			};
			buildConfigurationList = FA3042F22A84F80F00646F9F /* Build configuration list for PBXProject "TestMySpar" */;
			compatibilityVersion = "Xcode 14.0";
			developmentRegion = en;
			hasScannedForEncodings = 0;
			knownRegions = (
				en,
				Base,
			);
			mainGroup = FA3042EE2A84F80F00646F9F;
			productRefGroup = FA3042F82A84F80F00646F9F /* Products */;
			projectDirPath = "";
			projectRoot = "";
			targets = (
				FA3042F62A84F80F00646F9F /* TestMySpar */,
			);
		};
/* End PBXProject section */

/* Begin PBXResourcesBuildPhase section */
		FA3042F52A84F80F00646F9F /* Resources */ = {
			isa = PBXResourcesBuildPhase;
			buildActionMask = 2147483647;
			files = (
				FA3043022A84F81000646F9F /* Preview Assets.xcassets in Resources */,
				FA3042FF2A84F81000646F9F /* Assets.xcassets in Resources */,
			);
			runOnlyForDeploymentPostprocessing = 0;
		};
/* End PBXResourcesBuildPhase section */

/* Begin PBXSourcesBuildPhase section */
		FA3042F32A84F80F00646F9F /* Sources */ = {
			isa = PBXSourcesBuildPhase;
			buildActionMask = 2147483647;
			files = (
				FA3043272A85289500646F9F /* DiscountCardRow.swift in Sources */,
				FA3043252A85287A00646F9F /* DiscountCardModel.swift in Sources */,
				FA30432C2A85330900646F9F /* AnnouncementView.swift in Sources */,
				FA30431C2A8520F700646F9F /* AdvertisingRow.swift in Sources */,
				FA3042FD2A84F80F00646F9F /* SparContentView.swift in Sources */,
				FA3043302A8536F400646F9F /* ProductModel.swift in Sources */,
				FA3042FB2A84F80F00646F9F /* TestMySparApp.swift in Sources */,
				FA3043192A85159600646F9F /* OfferModel.swift in Sources */,
				FA3043152A85063700646F9F /* CategoryOfferRow.swift in Sources */,
				FA3043132A85054000646F9F /* CategoryOfferItem.swift in Sources */,
				FA3043092A84FBF400646F9F /* SearchBar.swift in Sources */,
				FA30431E2A85217700646F9F /* AdvertisingItem.swift in Sources */,
				FA3043322A85601800646F9F /* ProductItem.swift in Sources */,
				FA3043212A8521B400646F9F /* AdverstisingModel.swift in Sources */,
				FA3043292A8528B300646F9F /* DiscountCardItems.swift in Sources */,
				FAF089FD2A86098400EF78B4 /* ProducRow.swift in Sources */,
			);
			runOnlyForDeploymentPostprocessing = 0;
		};
/* End PBXSourcesBuildPhase section */

/* Begin XCBuildConfiguration section */
		FA3043032A84F81000646F9F /* Debug */ = {
			isa = XCBuildConfiguration;
			buildSettings = {
				ALWAYS_SEARCH_USER_PATHS = NO;
				CLANG_ANALYZER_NONNULL = YES;
				CLANG_ANALYZER_NUMBER_OBJECT_CONVERSION = YES_AGGRESSIVE;
				CLANG_CXX_LANGUAGE_STANDARD = "gnu++20";
				CLANG_ENABLE_MODULES = YES;
				CLANG_ENABLE_OBJC_ARC = YES;
				CLANG_ENABLE_OBJC_WEAK = YES;
				CLANG_WARN_BLOCK_CAPTURE_AUTORELEASING = YES;
				CLANG_WARN_BOOL_CONVERSION = YES;
				CLANG_WARN_COMMA = YES;
				CLANG_WARN_CONSTANT_CONVERSION = YES;
				CLANG_WARN_DEPRECATED_OBJC_IMPLEMENTATIONS = YES;
				CLANG_WARN_DIRECT_OBJC_ISA_USAGE = YES_ERROR;
				CLANG_WARN_DOCUMENTATION_COMMENTS = YES;
				CLANG_WARN_EMPTY_BODY = YES;
				CLANG_WARN_ENUM_CONVERSION = YES;
				CLANG_WARN_INFINITE_RECURSION = YES;
				CLANG_WARN_INT_CONVERSION = YES;
				CLANG_WARN_NON_LITERAL_NULL_CONVERSION = YES;
				CLANG_WARN_OBJC_IMPLICIT_RETAIN_SELF = YES;
				CLANG_WARN_OBJC_LITERAL_CONVERSION = YES;
				CLANG_WARN_OBJC_ROOT_CLASS = YES_ERROR;
				CLANG_WARN_QUOTED_INCLUDE_IN_FRAMEWORK_HEADER = YES;
				CLANG_WARN_RANGE_LOOP_ANALYSIS = YES;
				CLANG_WARN_STRICT_PROTOTYPES = YES;
				CLANG_WARN_SUSPICIOUS_MOVE = YES;
				CLANG_WARN_UNGUARDED_AVAILABILITY = YES_AGGRESSIVE;
				CLANG_WARN_UNREACHABLE_CODE = YES;
				CLANG_WARN__DUPLICATE_METHOD_MATCH = YES;
				COPY_PHASE_STRIP = NO;
				DEBUG_INFORMATION_FORMAT = dwarf;
				ENABLE_STRICT_OBJC_MSGSEND = YES;
				ENABLE_TESTABILITY = YES;
				GCC_C_LANGUAGE_STANDARD = gnu11;
				GCC_DYNAMIC_NO_PIC = NO;
				GCC_NO_COMMON_BLOCKS = YES;
				GCC_OPTIMIZATION_LEVEL = 0;
				GCC_PREPROCESSOR_DEFINITIONS = (
					"DEBUG=1",
					"$(inherited)",
				);
				GCC_WARN_64_TO_32_BIT_CONVERSION = YES;
				GCC_WARN_ABOUT_RETURN_TYPE = YES_ERROR;
				GCC_WARN_UNDECLARED_SELECTOR = YES;
				GCC_WARN_UNINITIALIZED_AUTOS = YES_AGGRESSIVE;
				GCC_WARN_UNUSED_FUNCTION = YES;
				GCC_WARN_UNUSED_VARIABLE = YES;
				IPHONEOS_DEPLOYMENT_TARGET = 16.2;
				MTL_ENABLE_DEBUG_INFO = INCLUDE_SOURCE;
				MTL_FAST_MATH = YES;
				ONLY_ACTIVE_ARCH = YES;
				SDKROOT = iphoneos;
				SWIFT_ACTIVE_COMPILATION_CONDITIONS = DEBUG;
				SWIFT_OPTIMIZATION_LEVEL = "-Onone";
			};
			name = Debug;
		};
		FA3043042A84F81000646F9F /* Release */ = {
			isa = XCBuildConfiguration;
			buildSettings = {
				ALWAYS_SEARCH_USER_PATHS = NO;
				CLANG_ANALYZER_NONNULL = YES;
				CLANG_ANALYZER_NUMBER_OBJECT_CONVERSION = YES_AGGRESSIVE;
				CLANG_CXX_LANGUAGE_STANDARD = "gnu++20";
				CLANG_ENABLE_MODULES = YES;
				CLANG_ENABLE_OBJC_ARC = YES;
				CLANG_ENABLE_OBJC_WEAK = YES;
				CLANG_WARN_BLOCK_CAPTURE_AUTORELEASING = YES;
				CLANG_WARN_BOOL_CONVERSION = YES;
				CLANG_WARN_COMMA = YES;
				CLANG_WARN_CONSTANT_CONVERSION = YES;
				CLANG_WARN_DEPRECATED_OBJC_IMPLEMENTATIONS = YES;
				CLANG_WARN_DIRECT_OBJC_ISA_USAGE = YES_ERROR;
				CLANG_WARN_DOCUMENTATION_COMMENTS = YES;
				CLANG_WARN_EMPTY_BODY = YES;
				CLANG_WARN_ENUM_CONVERSION = YES;
				CLANG_WARN_INFINITE_RECURSION = YES;
				CLANG_WARN_INT_CONVERSION = YES;
				CLANG_WARN_NON_LITERAL_NULL_CONVERSION = YES;
				CLANG_WARN_OBJC_IMPLICIT_RETAIN_SELF = YES;
				CLANG_WARN_OBJC_LITERAL_CONVERSION = YES;
				CLANG_WARN_OBJC_ROOT_CLASS = YES_ERROR;
				CLANG_WARN_QUOTED_INCLUDE_IN_FRAMEWORK_HEADER = YES;
				CLANG_WARN_RANGE_LOOP_ANALYSIS = YES;
				CLANG_WARN_STRICT_PROTOTYPES = YES;
				CLANG_WARN_SUSPICIOUS_MOVE = YES;
				CLANG_WARN_UNGUARDED_AVAILABILITY = YES_AGGRESSIVE;
				CLANG_WARN_UNREACHABLE_CODE = YES;
				CLANG_WARN__DUPLICATE_METHOD_MATCH = YES;
				COPY_PHASE_STRIP = NO;
				DEBUG_INFORMATION_FORMAT = "dwarf-with-dsym";
				ENABLE_NS_ASSERTIONS = NO;
				ENABLE_STRICT_OBJC_MSGSEND = YES;
				GCC_C_LANGUAGE_STANDARD = gnu11;
				GCC_NO_COMMON_BLOCKS = YES;
				GCC_WARN_64_TO_32_BIT_CONVERSION = YES;
				GCC_WARN_ABOUT_RETURN_TYPE = YES_ERROR;
				GCC_WARN_UNDECLARED_SELECTOR = YES;
				GCC_WARN_UNINITIALIZED_AUTOS = YES_AGGRESSIVE;
				GCC_WARN_UNUSED_FUNCTION = YES;
				GCC_WARN_UNUSED_VARIABLE = YES;
				IPHONEOS_DEPLOYMENT_TARGET = 16.2;
				MTL_ENABLE_DEBUG_INFO = NO;
				MTL_FAST_MATH = YES;
				SDKROOT = iphoneos;
				SWIFT_COMPILATION_MODE = wholemodule;
				SWIFT_OPTIMIZATION_LEVEL = "-O";
				VALIDATE_PRODUCT = YES;
			};
			name = Release;
		};
		FA3043062A84F81000646F9F /* Debug */ = {
			isa = XCBuildConfiguration;
			buildSettings = {
				ASSETCATALOG_COMPILER_APPICON_NAME = AppIcon;
				ASSETCATALOG_COMPILER_GLOBAL_ACCENT_COLOR_NAME = AccentColor;
				CODE_SIGN_STYLE = Automatic;
				CURRENT_PROJECT_VERSION = 1;
				DEVELOPMENT_ASSET_PATHS = "\"TestMySpar/Preview Content\"";
				ENABLE_PREVIEWS = YES;
				GENERATE_INFOPLIST_FILE = YES;
				INFOPLIST_KEY_UIApplicationSceneManifest_Generation = YES;
				INFOPLIST_KEY_UIApplicationSupportsIndirectInputEvents = YES;
				INFOPLIST_KEY_UILaunchScreen_Generation = YES;
				INFOPLIST_KEY_UISupportedInterfaceOrientations_iPad = "UIInterfaceOrientationPortrait UIInterfaceOrientationPortraitUpsideDown UIInterfaceOrientationLandscapeLeft UIInterfaceOrientationLandscapeRight";
				INFOPLIST_KEY_UISupportedInterfaceOrientations_iPhone = "UIInterfaceOrientationPortrait UIInterfaceOrientationLandscapeLeft UIInterfaceOrientationLandscapeRight";
				IPHONEOS_DEPLOYMENT_TARGET = 14.0;
				LD_RUNPATH_SEARCH_PATHS = (
					"$(inherited)",
					"@executable_path/Frameworks",
				);
				MARKETING_VERSION = 1.0;
				PRODUCT_BUNDLE_IDENTIFIER = RamzanGasratov.TestMySpar;
				PRODUCT_NAME = "$(TARGET_NAME)";
				SWIFT_EMIT_LOC_STRINGS = YES;
				SWIFT_VERSION = 5.0;
				TARGETED_DEVICE_FAMILY = "1,2";
			};
			name = Debug;
		};
		FA3043072A84F81000646F9F /* Release */ = {
			isa = XCBuildConfiguration;
			buildSettings = {
				ASSETCATALOG_COMPILER_APPICON_NAME = AppIcon;
				ASSETCATALOG_COMPILER_GLOBAL_ACCENT_COLOR_NAME = AccentColor;
				CODE_SIGN_STYLE = Automatic;
				CURRENT_PROJECT_VERSION = 1;
				DEVELOPMENT_ASSET_PATHS = "\"TestMySpar/Preview Content\"";
				ENABLE_PREVIEWS = YES;
				GENERATE_INFOPLIST_FILE = YES;
				INFOPLIST_KEY_UIApplicationSceneManifest_Generation = YES;
				INFOPLIST_KEY_UIApplicationSupportsIndirectInputEvents = YES;
				INFOPLIST_KEY_UILaunchScreen_Generation = YES;
				INFOPLIST_KEY_UISupportedInterfaceOrientations_iPad = "UIInterfaceOrientationPortrait UIInterfaceOrientationPortraitUpsideDown UIInterfaceOrientationLandscapeLeft UIInterfaceOrientationLandscapeRight";
				INFOPLIST_KEY_UISupportedInterfaceOrientations_iPhone = "UIInterfaceOrientationPortrait UIInterfaceOrientationLandscapeLeft UIInterfaceOrientationLandscapeRight";
				IPHONEOS_DEPLOYMENT_TARGET = 14.0;
				LD_RUNPATH_SEARCH_PATHS = (
					"$(inherited)",
					"@executable_path/Frameworks",
				);
				MARKETING_VERSION = 1.0;
				PRODUCT_BUNDLE_IDENTIFIER = RamzanGasratov.TestMySpar;
				PRODUCT_NAME = "$(TARGET_NAME)";
				SWIFT_EMIT_LOC_STRINGS = YES;
				SWIFT_VERSION = 5.0;
				TARGETED_DEVICE_FAMILY = "1,2";
			};
			name = Release;
		};
/* End XCBuildConfiguration section */

/* Begin XCConfigurationList section */
		FA3042F22A84F80F00646F9F /* Build configuration list for PBXProject "TestMySpar" */ = {
			isa = XCConfigurationList;
			buildConfigurations = (
				FA3043032A84F81000646F9F /* Debug */,
				FA3043042A84F81000646F9F /* Release */,
			);
			defaultConfigurationIsVisible = 0;
			defaultConfigurationName = Release;
		};
		FA3043052A84F81000646F9F /* Build configuration list for PBXNativeTarget "TestMySpar" */ = {
			isa = XCConfigurationList;
			buildConfigurations = (
				FA3043062A84F81000646F9F /* Debug */,
				FA3043072A84F81000646F9F /* Release */,
			);
			defaultConfigurationIsVisible = 0;
			defaultConfigurationName = Release;
		};
/* End XCConfigurationList section */
	};
	rootObject = FA3042EF2A84F80F00646F9F /* Project object */;
}
